
Microsoft Visual Studio Solution File, Format Version 12.00
# Visual Studio Version 16
VisualStudioVersion = 16.0.31025.194
MinimumVisualStudioVersion = 10.0.40219.1
Project("{FAE04EC0-301F-11D3-BF4B-00C04F79EFBC}") = "RazorPagesBook", "RazorPagesBook\RazorPagesBook.csproj", "{90718C15-CCFE-430D-A15C-F48F1BE4176B}"
EndProject
Global
	GlobalSection(SolutionConfigurationPlatforms) = preSolution
		Debug|Any CPU = Debug|Any CPU
		Release|Any CPU = Release|Any CPU
	EndGlobalSection
	GlobalSection(ProjectConfigurationPlatforms) = postSolution
		{90718C15-CCFE-430D-A15C-F48F1BE4176B}.Debug|Any CPU.ActiveCfg = Debug|Any CPU
		{90718C15-CCFE-430D-A15C-F48F1BE4176B}.Debug|Any CPU.Build.0 = Debug|Any CPU
		{90718C15-CCFE-430D-A15C-F48F1BE4176B}.Release|Any CPU.ActiveCfg = Release|Any CPU
		{90718C15-CCFE-430D-A15C-F48F1BE4176B}.Release|Any CPU.Build.0 = Release|Any CPU
	EndGlobalSection
	GlobalSection(SolutionProperties) = preSolution
		HideSolutionNode = FALSE
	EndGlobalSection
	GlobalSection(ExtensibilityGlobals) = postSolution
		SolutionGuid = {31A24BDC-844B-4D00-AE0D-ADAD9C82A18B}
	EndGlobalSection
EndGlobal
